{
  "name": "lotusjs-cli",
  "version": "1.0.13",
  "lockfileVersion": 1,
  "requires": true,
  "dependencies": {
    "colors": {
      "version": "1.2.1",
      "resolved": "https://registry.npmjs.org/colors/-/colors-1.2.1.tgz",
      "integrity": "sha512-s8+wktIuDSLffCywiwSxQOMqtPxML11a/dtHE17tMn4B1MSWw/C22EKf7M2KGUBcDaVFEGT+S8N02geDXeuNKg=="
    },
    "commander": {
      "version": "2.15.1",
      "resolved": "http://registry.npm.taobao.org/commander/download/commander-2.15.1.tgz"
    },
    "fs-extra": {
      "version": "5.0.0",
      "resolved": "http://registry.npm.taobao.org/fs-extra/download/fs-extra-5.0.0.tgz",
      "dependencies": {
        "graceful-fs": {
          "version": "http://registry.npm.taobao.org/graceful-fs/download/graceful-fs-4.1.11.tgz"
        },
        "jsonfile": {
          "version": "http://registry.npm.taobao.org/jsonfile/download/jsonfile-4.0.0.tgz"
        },
        "universalify": {
          "version": "http://registry.npm.taobao.org/universalify/download/universalify-0.1.1.tgz"
        }
      }
    },
    "inquirer": {
      "version": "5.2.0",
      "resolved": "http://registry.npm.taobao.org/inquirer/download/inquirer-5.2.0.tgz",
      "dependencies": {
        "ansi-escapes": {
          "version": "http://registry.npm.taobao.org/ansi-escapes/download/ansi-escapes-3.1.0.tgz"
        },
        "chalk": {
          "version": "http://registry.npm.taobao.org/chalk/download/chalk-2.3.2.tgz",
          "dependencies": {
            "ansi-styles": {
              "version": "http://registry.npm.taobao.org/ansi-styles/download/ansi-styles-3.2.1.tgz",
              "dependencies": {
                "color-convert": {
                  "version": "http://registry.npm.taobao.org/color-convert/download/color-convert-1.9.1.tgz"
                }
              }
            },
            "escape-string-regexp": {
              "version": "http://registry.npm.taobao.org/escape-string-regexp/download/escape-string-regexp-1.0.5.tgz"
            },
            "supports-color": {
              "version": "http://registry.npm.taobao.org/supports-color/download/supports-color-5.3.0.tgz"
            }
          }
        },
        "cli-cursor": {
          "version": "http://registry.npm.taobao.org/cli-cursor/download/cli-cursor-2.1.0.tgz"
        },
        "cli-width": {
          "version": "http://registry.npm.taobao.org/cli-width/download/cli-width-2.2.0.tgz"
        },
        "external-editor": {
          "version": "http://registry.npm.taobao.org/external-editor/download/external-editor-2.2.0.tgz"
        },
        "figures": {
          "version": "http://registry.npm.taobao.org/figures/download/figures-2.0.0.tgz"
        },
        "lodash": {
          "version": "http://registry.npm.taobao.org/lodash/download/lodash-4.17.5.tgz"
        },
        "mute-stream": {
          "version": "http://registry.npm.taobao.org/mute-stream/download/mute-stream-0.0.7.tgz"
        },
        "run-async": {
          "version": "http://registry.npm.taobao.org/run-async/download/run-async-2.3.0.tgz"
        },
        "rxjs": {
          "version": "http://registry.npm.taobao.org/rxjs/download/rxjs-5.5.8.tgz"
        },
        "string-width": {
          "version": "http://registry.npm.taobao.org/string-width/download/string-width-2.1.1.tgz"
        },
        "strip-ansi": {
          "version": "http://registry.npm.taobao.org/strip-ansi/download/strip-ansi-4.0.0.tgz",
          "dependencies": {
            "ansi-regex": {
              "version": "http://registry.npm.taobao.org/ansi-regex/download/ansi-regex-3.0.0.tgz",
              "bundled": true
            }
          }
        },
        "through": {
          "version": "http://registry.npm.taobao.org/through/download/through-2.3.8.tgz"
        }
      }
    },
    "lotusjs-util": {
      "version": "1.0.7",
      "resolved": "http://registry.npm.taobao.org/lotusjs-util/download/lotusjs-util-1.0.7.tgz",
      "requires": {
        "moment": "2.22.0",
        "shelljs": "0.8.1"
      },
      "dependencies": {
        "chalk": {
          "version": "http://registry.npm.taobao.org/chalk/download/chalk-2.3.2.tgz",
          "bundled": true,
          "dependencies": {
            "ansi-styles": {
              "version": "http://registry.npm.taobao.org/ansi-styles/download/ansi-styles-3.2.1.tgz",
              "dependencies": {}
            },
            "escape-string-regexp": {
              "version": "http://registry.npm.taobao.org/escape-string-regexp/download/escape-string-regexp-1.0.5.tgz"
            },
            "supports-color": {
              "version": "http://registry.npm.taobao.org/supports-color/download/supports-color-5.3.0.tgz"
            }
          }
        },
        "lodash": {
          "version": "http://registry.npm.taobao.org/lodash/download/lodash-4.17.5.tgz",
          "bundled": true
        },
        "moment": {
          "version": "http://registry.npm.taobao.org/moment/download/moment-2.22.0.tgz",
          "bundled": true
        },
        "shelljs": {
          "version": "http://registry.npm.taobao.org/shelljs/download/shelljs-0.8.1.tgz",
          "bundled": true
        }
      }
    },
    "moment": {
      "version": "2.22.0",
      "resolved": "http://registry.npm.taobao.org/moment/download/moment-2.22.0.tgz"
    },
    "shelljs": {
      "version": "0.8.1",
      "resolved": "http://registry.npm.taobao.org/shelljs/download/shelljs-0.8.1.tgz",
      "dependencies": {
        "glob": {
          "version": "http://registry.npm.taobao.org/glob/download/glob-7.1.2.tgz",
          "bundled": true
        },
        "interpret": {
          "version": "http://registry.npm.taobao.org/interpret/download/interpret-1.1.0.tgz",
          "bundled": true
        },
        "rechoir": {
          "version": "http://registry.npm.taobao.org/rechoir/download/rechoir-0.6.2.tgz",
          "bundled": true
        }
      }
    }
  }
}
